
Microsoft Visual Studio Solution File, Format Version 12.00
# Visual Studio 15
Project("{FAE04EC0-301F-11D3-BF4B-00C04F79EFBC}") = "Scripts", "Scripts.csproj", "{CD02A247-0542-9517-6000-4E783808B603}"
EndProject
Project("{FAE04EC0-301F-11D3-BF4B-00C04F79EFBC}") = "Tests", "Tests.csproj", "{EE10F537-9B60-A8BA-AB31-9A02FFD7F6CC}"
EndProject
Global
	GlobalSection(SolutionConfigurationPlatforms) = preSolution
		Debug|Any CPU = Debug|Any CPU
		Release|Any CPU = Release|Any CPU
	EndGlobalSection
	GlobalSection(ProjectConfigurationPlatforms) = postSolution
		{CD02A247-0542-9517-6000-4E783808B603}.Debug|Any CPU.ActiveCfg = Debug|Any CPU
		{CD02A247-0542-9517-6000-4E783808B603}.Debug|Any CPU.Build.0 = Debug|Any CPU
		{CD02A247-0542-9517-6000-4E783808B603}.Release|Any CPU.ActiveCfg = Release|Any CPU
		{CD02A247-0542-9517-6000-4E783808B603}.Release|Any CPU.Build.0 = Release|Any CPU
		{EE10F537-9B60-A8BA-AB31-9A02FFD7F6CC}.Debug|Any CPU.ActiveCfg = Debug|Any CPU
		{EE10F537-9B60-A8BA-AB31-9A02FFD7F6CC}.Debug|Any CPU.Build.0 = Debug|Any CPU
		{EE10F537-9B60-A8BA-AB31-9A02FFD7F6CC}.Release|Any CPU.ActiveCfg = Release|Any CPU
		{EE10F537-9B60-A8BA-AB31-9A02FFD7F6CC}.Release|Any CPU.Build.0 = Release|Any CPU
	EndGlobalSection
	GlobalSection(SolutionProperties) = preSolution
		HideSolutionNode = FALSE
	EndGlobalSection
EndGlobal
